
Microsoft Visual Studio Solution File, Format Version 12.00
# Visual Studio Version 16
VisualStudioVersion = 16.0.30413.136
MinimumVisualStudioVersion = 10.0.40219.1
Project("{FAE04EC0-301F-11D3-BF4B-00C04F79EFBC}") = "Covid19", "Covid19\Covid19.csproj", "{16B8DFD4-7E69-456E-B259-208670CFD7AA}"
EndProject
Global
	GlobalSection(SolutionConfigurationPlatforms) = preSolution
		Debug|Any CPU = Debug|Any CPU
		Release|Any CPU = Release|Any CPU
	EndGlobalSection
	GlobalSection(ProjectConfigurationPlatforms) = postSolution
		{16B8DFD4-7E69-456E-B259-208670CFD7AA}.Debug|Any CPU.ActiveCfg = Debug|Any CPU
		{16B8DFD4-7E69-456E-B259-208670CFD7AA}.Debug|Any CPU.Build.0 = Debug|Any CPU
		{16B8DFD4-7E69-456E-B259-208670CFD7AA}.Release|Any CPU.ActiveCfg = Release|Any CPU
		{16B8DFD4-7E69-456E-B259-208670CFD7AA}.Release|Any CPU.Build.0 = Release|Any CPU
	EndGlobalSection
	GlobalSection(SolutionProperties) = preSolution
		HideSolutionNode = FALSE
	EndGlobalSection
	GlobalSection(ExtensibilityGlobals) = postSolution
		SolutionGuid = {E1C86CCD-474E-465E-A482-1C5E2DF74735}
	EndGlobalSection
EndGlobal
